
Microsoft Visual Studio Solution File, Format Version 12.00
# Visual Studio Version 16
VisualStudioVersion = 16.0.29911.84
MinimumVisualStudioVersion = 10.0.40219.1
Project("{FAE04EC0-301F-11D3-BF4B-00C04F79EFBC}") = "bookingMVC", "bookingMVC\bookingMVC.csproj", "{136232F0-A4B7-45AA-9996-702BC9B455B9}"
EndProject
Global
	GlobalSection(SolutionConfigurationPlatforms) = preSolution
		Debug|Any CPU = Debug|Any CPU
		Release|Any CPU = Release|Any CPU
	EndGlobalSection
	GlobalSection(ProjectConfigurationPlatforms) = postSolution
		{136232F0-A4B7-45AA-9996-702BC9B455B9}.Debug|Any CPU.ActiveCfg = Debug|Any CPU
		{136232F0-A4B7-45AA-9996-702BC9B455B9}.Debug|Any CPU.Build.0 = Debug|Any CPU
		{136232F0-A4B7-45AA-9996-702BC9B455B9}.Release|Any CPU.ActiveCfg = Release|Any CPU
		{136232F0-A4B7-45AA-9996-702BC9B455B9}.Release|Any CPU.Build.0 = Release|Any CPU
	EndGlobalSection
	GlobalSection(SolutionProperties) = preSolution
		HideSolutionNode = FALSE
	EndGlobalSection
	GlobalSection(ExtensibilityGlobals) = postSolution
		SolutionGuid = {81EB8666-B1F8-44C7-AD41-BFC18A267C1F}
	EndGlobalSection
EndGlobal
